{
  "object": {
    "pins": [
      {
        "package": "CommandLine",
        "repositoryURL": "https://github.com/kinglouie/CommandLine.git",
        "state": {
          "branch": null,
          "revision": "d84febdcfd4e84337bb90692a852cc47ac782af1",
          "version": "3.1.1"
        }
      },
      {
        "package": "CoreGraphicsExtension",
        "repositoryURL": "https://github.com/kinglouie/CoreGraphicsExtension",
        "state": {
          "branch": "master",
          "revision": "2e92689e9e1ef3c8b9d5719c528849fba6e102ea",
          "version": null
        }
      }
    ]
  },
  "version": 1
}
